{
  "version": 4,
  "terraform_version": "1.1.4",
  "serial": 26,
  "lineage": "4d5b857b-f64a-b4e5-6105-7e515bf3fdd9",
  "outputs": {
    "chiken-egg": {
      "value": [
        "galinha",
        "ovo"
      ],
      "type": [
        "list",
        "string"
      ]
    },
    "conteudo": {
      "value": "Valor do output",
      "type": "string"
    },
    "data-source-result": {
      "value": "Valor do output",
      "type": "string"
    },
    "id-do-arquivo": {
      "value": "630d8851ec1f909e4e41e608fd0f54763a612791",
      "type": "string"
    }
  },
  "resources": [
    {
      "mode": "data",
      "type": "local_file",
      "name": "conteudo-exemplo",
      "provider": "provider[\"registry.terraform.io/hashicorp/local\"]",
      "instances": [
        {
          "schema_version": 0,
          "attributes": {
            "content": "Valor do output",
            "content_base64": "VmFsb3IgZG8gb3V0cHV0",
            "filename": "exemplo.txt",
            "id": "630d8851ec1f909e4e41e608fd0f54763a612791"
          },
          "sensitive_attributes": []
        }
      ]
    },
    {
      "mode": "managed",
      "type": "local_file",
      "name": "exemplo",
      "provider": "provider[\"registry.terraform.io/hashicorp/local\"]",
      "instances": [
        {
          "schema_version": 0,
          "attributes": {
            "content": "Valor do output",
            "content_base64": null,
            "directory_permission": "0777",
            "file_permission": "0777",
            "filename": "exemplo.txt",
            "id": "630d8851ec1f909e4e41e608fd0f54763a612791",
            "sensitive_content": null,
            "source": null
          },
          "sensitive_attributes": [],
          "private": "bnVsbA=="
        }
      ]
    }
  ]
}
